
Microsoft Visual Studio Solution File, Format Version 12.00
# Visual Studio Version 16
VisualStudioVersion = 16.0.30717.126
MinimumVisualStudioVersion = 10.0.40219.1
Project("{FAE04EC0-301F-11D3-BF4B-00C04F79EFBC}") = "okta-aspnet-webforms-example", "okta-aspnet-webforms-example\okta-aspnet-webforms-example.csproj", "{8A23F085-B7A5-4062-87DF-E2D395B705B5}"
EndProject
Global
	GlobalSection(SolutionConfigurationPlatforms) = preSolution
		Debug|Any CPU = Debug|Any CPU
		Release|Any CPU = Release|Any CPU
	EndGlobalSection
	GlobalSection(ProjectConfigurationPlatforms) = postSolution
		{8A23F085-B7A5-4062-87DF-E2D395B705B5}.Debug|Any CPU.ActiveCfg = Debug|Any CPU
		{8A23F085-B7A5-4062-87DF-E2D395B705B5}.Debug|Any CPU.Build.0 = Debug|Any CPU
		{8A23F085-B7A5-4062-87DF-E2D395B705B5}.Release|Any CPU.ActiveCfg = Release|Any CPU
		{8A23F085-B7A5-4062-87DF-E2D395B705B5}.Release|Any CPU.Build.0 = Release|Any CPU
	EndGlobalSection
	GlobalSection(SolutionProperties) = preSolution
		HideSolutionNode = FALSE
	EndGlobalSection
	GlobalSection(ExtensibilityGlobals) = postSolution
		SolutionGuid = {F5DBA169-89BF-4529-95C5-26A85DACE11D}
	EndGlobalSection
EndGlobal
