
Microsoft Visual Studio Solution File, Format Version 12.00
# Visual Studio Version 16
VisualStudioVersion = 16.0.29209.62
MinimumVisualStudioVersion = 10.0.40219.1
Project("{FAE04EC0-301F-11D3-BF4B-00C04F79EFBC}") = "okta-aspnet-webforms-example", "okta-aspnet-webforms-example\okta-aspnet-webforms-example.csproj", "{580434B1-F167-4705-BA79-C6A9806C261F}"
EndProject
Global
	GlobalSection(SolutionConfigurationPlatforms) = preSolution
		Debug|Any CPU = Debug|Any CPU
		Release|Any CPU = Release|Any CPU
	EndGlobalSection
	GlobalSection(ProjectConfigurationPlatforms) = postSolution
		{580434B1-F167-4705-BA79-C6A9806C261F}.Debug|Any CPU.ActiveCfg = Debug|Any CPU
		{580434B1-F167-4705-BA79-C6A9806C261F}.Debug|Any CPU.Build.0 = Debug|Any CPU
		{580434B1-F167-4705-BA79-C6A9806C261F}.Release|Any CPU.ActiveCfg = Release|Any CPU
		{580434B1-F167-4705-BA79-C6A9806C261F}.Release|Any CPU.Build.0 = Release|Any CPU
	EndGlobalSection
	GlobalSection(SolutionProperties) = preSolution
		HideSolutionNode = FALSE
	EndGlobalSection
	GlobalSection(ExtensibilityGlobals) = postSolution
		SolutionGuid = {0663DEDD-1501-42BD-84E9-5966E56CCC20}
	EndGlobalSection
EndGlobal
